set_location_assignment PIN_AB7 -to SRAM_ADDR[0]
set_instance_assignment -name IO_STANDARD "3.3-V LVTTL" -to SRAM_ADDR[0]
set_location_assignment PIN_AD7 -to SRAM_ADDR[1]
set_instance_assignment -name IO_STANDARD "3.3-V LVTTL" -to SRAM_ADDR[1]
set_location_assignment PIN_AE7 -to SRAM_ADDR[2]
set_instance_assignment -name IO_STANDARD "3.3-V LVTTL" -to SRAM_ADDR[2]
set_location_assignment PIN_AC7 -to SRAM_ADDR[3]
set_instance_assignment -name IO_STANDARD "3.3-V LVTTL" -to SRAM_ADDR[3]
set_location_assignment PIN_AB6 -to SRAM_ADDR[4]
set_instance_assignment -name IO_STANDARD "3.3-V LVTTL" -to SRAM_ADDR[4]
set_location_assignment PIN_AE6 -to SRAM_ADDR[5]
set_instance_assignment -name IO_STANDARD "3.3-V LVTTL" -to SRAM_ADDR[5]
set_location_assignment PIN_AB5 -to SRAM_ADDR[6]
set_instance_assignment -name IO_STANDARD "3.3-V LVTTL" -to SRAM_ADDR[6]
set_location_assignment PIN_AC5 -to SRAM_ADDR[7]
set_instance_assignment -name IO_STANDARD "3.3-V LVTTL" -to SRAM_ADDR[7]
set_location_assignment PIN_AF5 -to SRAM_ADDR[8]
set_instance_assignment -name IO_STANDARD "3.3-V LVTTL" -to SRAM_ADDR[8]
set_location_assignment PIN_T7 -to SRAM_ADDR[9]
set_instance_assignment -name IO_STANDARD "3.3-V LVTTL" -to SRAM_ADDR[9]
set_location_assignment PIN_AF2 -to SRAM_ADDR[10]
set_instance_assignment -name IO_STANDARD "3.3-V LVTTL" -to SRAM_ADDR[10]
set_location_assignment PIN_AD3 -to SRAM_ADDR[11]
set_instance_assignment -name IO_STANDARD "3.3-V LVTTL" -to SRAM_ADDR[11]
set_location_assignment PIN_AB4 -to SRAM_ADDR[12]
set_instance_assignment -name IO_STANDARD "3.3-V LVTTL" -to SRAM_ADDR[12]
set_location_assignment PIN_AC3 -to SRAM_ADDR[13]
set_instance_assignment -name IO_STANDARD "3.3-V LVTTL" -to SRAM_ADDR[13]
set_location_assignment PIN_AA4 -to SRAM_ADDR[14]
set_instance_assignment -name IO_STANDARD "3.3-V LVTTL" -to SRAM_ADDR[14]
set_location_assignment PIN_AB11 -to SRAM_ADDR[15]
set_instance_assignment -name IO_STANDARD "3.3-V LVTTL" -to SRAM_ADDR[15]
set_location_assignment PIN_AC11 -to SRAM_ADDR[16]
set_instance_assignment -name IO_STANDARD "3.3-V LVTTL" -to SRAM_ADDR[16]
set_location_assignment PIN_AB9 -to SRAM_ADDR[17]
set_instance_assignment -name IO_STANDARD "3.3-V LVTTL" -to SRAM_ADDR[17]
set_location_assignment PIN_AB8 -to SRAM_ADDR[18]
set_instance_assignment -name IO_STANDARD "3.3-V LVTTL" -to SRAM_ADDR[18]
set_location_assignment PIN_T8 -to SRAM_ADDR[19]
set_instance_assignment -name IO_STANDARD "3.3-V LVTTL" -to SRAM_ADDR[19]
set_location_assignment PIN_AF8 -to SRAM_CE_N
set_instance_assignment -name IO_STANDARD "3.3-V LVTTL" -to SRAM_CE_N
set_location_assignment PIN_AH3 -to SRAM_DQ[0]
set_instance_assignment -name IO_STANDARD "3.3-V LVTTL" -to SRAM_DQ[0]
set_location_assignment PIN_AF4 -to SRAM_DQ[1]
set_instance_assignment -name IO_STANDARD "3.3-V LVTTL" -to SRAM_DQ[1]
set_location_assignment PIN_AG4 -to SRAM_DQ[2]
set_instance_assignment -name IO_STANDARD "3.3-V LVTTL" -to SRAM_DQ[2]
set_location_assignment PIN_AH4 -to SRAM_DQ[3]
set_instance_assignment -name IO_STANDARD "3.3-V LVTTL" -to SRAM_DQ[3]
set_location_assignment PIN_AF6 -to SRAM_DQ[4]
set_instance_assignment -name IO_STANDARD "3.3-V LVTTL" -to SRAM_DQ[4]
set_location_assignment PIN_AG6 -to SRAM_DQ[5]
set_instance_assignment -name IO_STANDARD "3.3-V LVTTL" -to SRAM_DQ[5]
set_location_assignment PIN_AH6 -to SRAM_DQ[6]
set_instance_assignment -name IO_STANDARD "3.3-V LVTTL" -to SRAM_DQ[6]
set_location_assignment PIN_AF7 -to SRAM_DQ[7]
set_instance_assignment -name IO_STANDARD "3.3-V LVTTL" -to SRAM_DQ[7]
set_location_assignment PIN_AD1 -to SRAM_DQ[8]
set_instance_assignment -name IO_STANDARD "3.3-V LVTTL" -to SRAM_DQ[8]
set_location_assignment PIN_AD2 -to SRAM_DQ[9]
set_instance_assignment -name IO_STANDARD "3.3-V LVTTL" -to SRAM_DQ[9]
set_location_assignment PIN_AE2 -to SRAM_DQ[10]
set_instance_assignment -name IO_STANDARD "3.3-V LVTTL" -to SRAM_DQ[10]
set_location_assignment PIN_AE1 -to SRAM_DQ[11]
set_instance_assignment -name IO_STANDARD "3.3-V LVTTL" -to SRAM_DQ[11]
set_location_assignment PIN_AE3 -to SRAM_DQ[12]
set_instance_assignment -name IO_STANDARD "3.3-V LVTTL" -to SRAM_DQ[12]
set_location_assignment PIN_AE4 -to SRAM_DQ[13]
set_instance_assignment -name IO_STANDARD "3.3-V LVTTL" -to SRAM_DQ[13]
set_location_assignment PIN_AF3 -to SRAM_DQ[14]
set_instance_assignment -name IO_STANDARD "3.3-V LVTTL" -to SRAM_DQ[14]
set_location_assignment PIN_AG3 -to SRAM_DQ[15]
set_instance_assignment -name IO_STANDARD "3.3-V LVTTL" -to SRAM_DQ[15]
set_location_assignment PIN_AD4 -to SRAM_LB_N
set_instance_assignment -name IO_STANDARD "3.3-V LVTTL" -to SRAM_LB_N
set_location_assignment PIN_AD5 -to SRAM_OE_N
set_instance_assignment -name IO_STANDARD "3.3-V LVTTL" -to SRAM_OE_N
set_location_assignment PIN_AC4 -to SRAM_UB_N
set_instance_assignment -name IO_STANDARD "3.3-V LVTTL" -to SRAM_UB_N
set_location_assignment PIN_AE8 -to SRAM_WE_N
set_instance_assignment -name IO_STANDARD "3.3-V LVTTL" -to SRAM_WE_N
